
Microsoft Visual Studio Solution File, Format Version 12.00
# Visual Studio Version 17
VisualStudioVersion = 17.7.34031.279
MinimumVisualStudioVersion = 10.0.40219.1
Project("{9A19103F-16F7-4668-BE54-9A1E7A4F7556}") = "Flowly.Core", "Flowly.Core\Flowly.Core.csproj", "{149E8499-F4D6-472F-A145-F01326283A7D}"
EndProject
Project("{9A19103F-16F7-4668-BE54-9A1E7A4F7556}") = "ConsoleApp1", "ConsoleApp1\ConsoleApp1.csproj", "{AAB456AC-B2B8-4A59-9774-FC5E65108511}"
EndProject
Project("{FAE04EC0-301F-11D3-BF4B-00C04F79EFBC}") = "Flowly.WorkflowSource.Json", "Flowly.WorkflowSource.Json\Flowly.WorkflowSource.Json.csproj", "{5ADB6198-C3BD-4BEB-A8AA-C3091545DACB}"
EndProject
Project("{FAE04EC0-301F-11D3-BF4B-00C04F79EFBC}") = "Flowly.WorkflowSource.Yaml", "Flowly.WorkflowSource.Yaml\Flowly.WorkflowSource.Yaml.csproj", "{8B0571F2-C545-46A6-8619-F49E2A9AEA3D}"
EndProject
Project("{FAE04EC0-301F-11D3-BF4B-00C04F79EFBC}") = "Flowly.Extension.Example", "Flowly.Extension.Example\Flowly.Extension.Example.csproj", "{B11450A5-7A9F-40D5-A1F3-654176ACEBFA}"
EndProject
Project("{FAE04EC0-301F-11D3-BF4B-00C04F79EFBC}") = "Flowly.ExtensionSource.NuGet", "Flowly.ExtensionSource.NuGet\Flowly.ExtensionSource.NuGet.csproj", "{6C4D9BFF-72AB-485D-BA2B-07C9D009FA22}"
EndProject
Global
	GlobalSection(SolutionConfigurationPlatforms) = preSolution
		Debug|Any CPU = Debug|Any CPU
		Release|Any CPU = Release|Any CPU
	EndGlobalSection
	GlobalSection(ProjectConfigurationPlatforms) = postSolution
		{149E8499-F4D6-472F-A145-F01326283A7D}.Debug|Any CPU.ActiveCfg = Debug|Any CPU
		{149E8499-F4D6-472F-A145-F01326283A7D}.Debug|Any CPU.Build.0 = Debug|Any CPU
		{149E8499-F4D6-472F-A145-F01326283A7D}.Release|Any CPU.ActiveCfg = Release|Any CPU
		{149E8499-F4D6-472F-A145-F01326283A7D}.Release|Any CPU.Build.0 = Release|Any CPU
		{AAB456AC-B2B8-4A59-9774-FC5E65108511}.Debug|Any CPU.ActiveCfg = Debug|Any CPU
		{AAB456AC-B2B8-4A59-9774-FC5E65108511}.Debug|Any CPU.Build.0 = Debug|Any CPU
		{AAB456AC-B2B8-4A59-9774-FC5E65108511}.Release|Any CPU.ActiveCfg = Release|Any CPU
		{AAB456AC-B2B8-4A59-9774-FC5E65108511}.Release|Any CPU.Build.0 = Release|Any CPU
		{5ADB6198-C3BD-4BEB-A8AA-C3091545DACB}.Debug|Any CPU.ActiveCfg = Debug|Any CPU
		{5ADB6198-C3BD-4BEB-A8AA-C3091545DACB}.Debug|Any CPU.Build.0 = Debug|Any CPU
		{5ADB6198-C3BD-4BEB-A8AA-C3091545DACB}.Release|Any CPU.ActiveCfg = Release|Any CPU
		{5ADB6198-C3BD-4BEB-A8AA-C3091545DACB}.Release|Any CPU.Build.0 = Release|Any CPU
		{8B0571F2-C545-46A6-8619-F49E2A9AEA3D}.Debug|Any CPU.ActiveCfg = Debug|Any CPU
		{8B0571F2-C545-46A6-8619-F49E2A9AEA3D}.Debug|Any CPU.Build.0 = Debug|Any CPU
		{8B0571F2-C545-46A6-8619-F49E2A9AEA3D}.Release|Any CPU.ActiveCfg = Release|Any CPU
		{8B0571F2-C545-46A6-8619-F49E2A9AEA3D}.Release|Any CPU.Build.0 = Release|Any CPU
		{B11450A5-7A9F-40D5-A1F3-654176ACEBFA}.Debug|Any CPU.ActiveCfg = Debug|Any CPU
		{B11450A5-7A9F-40D5-A1F3-654176ACEBFA}.Debug|Any CPU.Build.0 = Debug|Any CPU
		{B11450A5-7A9F-40D5-A1F3-654176ACEBFA}.Release|Any CPU.ActiveCfg = Release|Any CPU
		{B11450A5-7A9F-40D5-A1F3-654176ACEBFA}.Release|Any CPU.Build.0 = Release|Any CPU
		{6C4D9BFF-72AB-485D-BA2B-07C9D009FA22}.Debug|Any CPU.ActiveCfg = Debug|Any CPU
		{6C4D9BFF-72AB-485D-BA2B-07C9D009FA22}.Debug|Any CPU.Build.0 = Debug|Any CPU
		{6C4D9BFF-72AB-485D-BA2B-07C9D009FA22}.Release|Any CPU.ActiveCfg = Release|Any CPU
		{6C4D9BFF-72AB-485D-BA2B-07C9D009FA22}.Release|Any CPU.Build.0 = Release|Any CPU
	EndGlobalSection
	GlobalSection(SolutionProperties) = preSolution
		HideSolutionNode = FALSE
	EndGlobalSection
	GlobalSection(ExtensibilityGlobals) = postSolution
		SolutionGuid = {3BA826BA-7F0E-47B7-926B-EFF9A508220A}
	EndGlobalSection
EndGlobal
