
Microsoft Visual Studio Solution File, Format Version 12.00
# Visual Studio Version 17
VisualStudioVersion = 17.7.34031.279
MinimumVisualStudioVersion = 10.0.40219.1
Project("{9A19103F-16F7-4668-BE54-9A1E7A4F7556}") = "Flowly.Agent.Protocol", "src\Flowly.Agent.Protocol.csproj", "{A79C5443-4EC9-4702-8B32-A4378A3A80A4}"
EndProject
Global
	GlobalSection(SolutionConfigurationPlatforms) = preSolution
		Debug|Any CPU = Debug|Any CPU
		Release|Any CPU = Release|Any CPU
	EndGlobalSection
	GlobalSection(ProjectConfigurationPlatforms) = postSolution
		{A79C5443-4EC9-4702-8B32-A4378A3A80A4}.Debug|Any CPU.ActiveCfg = Debug|Any CPU
		{A79C5443-4EC9-4702-8B32-A4378A3A80A4}.Debug|Any CPU.Build.0 = Debug|Any CPU
		{A79C5443-4EC9-4702-8B32-A4378A3A80A4}.Release|Any CPU.ActiveCfg = Release|Any CPU
		{A79C5443-4EC9-4702-8B32-A4378A3A80A4}.Release|Any CPU.Build.0 = Release|Any CPU
	EndGlobalSection
	GlobalSection(SolutionProperties) = preSolution
		HideSolutionNode = FALSE
	EndGlobalSection
	GlobalSection(ExtensibilityGlobals) = postSolution
		SolutionGuid = {DD97EDE8-DBB9-4021-9BF4-EADE1D259CAC}
	EndGlobalSection
EndGlobal
