
Microsoft Visual Studio Solution File, Format Version 12.00
# Visual Studio Version 17
VisualStudioVersion = 17.7.34031.279
MinimumVisualStudioVersion = 10.0.40219.1
Project("{9A19103F-16F7-4668-BE54-9A1E7A4F7556}") = "Flowly.Cli", "src\Flowly.Cli.csproj", "{579BBBFD-03E5-4718-8AB4-525EBE431ADD}"
EndProject
Project("{9A19103F-16F7-4668-BE54-9A1E7A4F7556}") = "Flowly.Core", "..\..\libraries\Flowly.Core\src\Flowly.Core.csproj", "{98259669-EAD4-4C19-BFCB-02EE06BD3B62}"
EndProject
Project("{9A19103F-16F7-4668-BE54-9A1E7A4F7556}") = "Flowly.Extensions.NLog", "..\..\libraries\Flowly.Extensions.NLog\src\Flowly.Extensions.NLog.csproj", "{A6DD6878-2F0C-4809-B80B-B34FBA9040B3}"
EndProject
Project("{9A19103F-16F7-4668-BE54-9A1E7A4F7556}") = "Flowly.Extensions.NuGet", "..\..\libraries\Flowly.Extensions.NuGet\src\Flowly.Extensions.NuGet.csproj", "{94246B76-CE64-404D-97D3-96A4F3E3AE3C}"
EndProject
Project("{9A19103F-16F7-4668-BE54-9A1E7A4F7556}") = "Flowly.Extensions.Yaml", "..\..\libraries\Flowly.Extensions.Yaml\src\Flowly.Extensions.Yaml.csproj", "{AECD8108-6C5B-4D44-8AD4-C1B0DC865F77}"
EndProject
Global
	GlobalSection(SolutionConfigurationPlatforms) = preSolution
		Debug|Any CPU = Debug|Any CPU
		Release|Any CPU = Release|Any CPU
	EndGlobalSection
	GlobalSection(ProjectConfigurationPlatforms) = postSolution
		{579BBBFD-03E5-4718-8AB4-525EBE431ADD}.Debug|Any CPU.ActiveCfg = Debug|Any CPU
		{579BBBFD-03E5-4718-8AB4-525EBE431ADD}.Debug|Any CPU.Build.0 = Debug|Any CPU
		{579BBBFD-03E5-4718-8AB4-525EBE431ADD}.Release|Any CPU.ActiveCfg = Release|Any CPU
		{579BBBFD-03E5-4718-8AB4-525EBE431ADD}.Release|Any CPU.Build.0 = Release|Any CPU
		{98259669-EAD4-4C19-BFCB-02EE06BD3B62}.Debug|Any CPU.ActiveCfg = Debug|Any CPU
		{98259669-EAD4-4C19-BFCB-02EE06BD3B62}.Debug|Any CPU.Build.0 = Debug|Any CPU
		{98259669-EAD4-4C19-BFCB-02EE06BD3B62}.Release|Any CPU.ActiveCfg = Release|Any CPU
		{98259669-EAD4-4C19-BFCB-02EE06BD3B62}.Release|Any CPU.Build.0 = Release|Any CPU
		{A6DD6878-2F0C-4809-B80B-B34FBA9040B3}.Debug|Any CPU.ActiveCfg = Debug|Any CPU
		{A6DD6878-2F0C-4809-B80B-B34FBA9040B3}.Debug|Any CPU.Build.0 = Debug|Any CPU
		{A6DD6878-2F0C-4809-B80B-B34FBA9040B3}.Release|Any CPU.ActiveCfg = Release|Any CPU
		{A6DD6878-2F0C-4809-B80B-B34FBA9040B3}.Release|Any CPU.Build.0 = Release|Any CPU
		{94246B76-CE64-404D-97D3-96A4F3E3AE3C}.Debug|Any CPU.ActiveCfg = Debug|Any CPU
		{94246B76-CE64-404D-97D3-96A4F3E3AE3C}.Debug|Any CPU.Build.0 = Debug|Any CPU
		{94246B76-CE64-404D-97D3-96A4F3E3AE3C}.Release|Any CPU.ActiveCfg = Release|Any CPU
		{94246B76-CE64-404D-97D3-96A4F3E3AE3C}.Release|Any CPU.Build.0 = Release|Any CPU
		{AECD8108-6C5B-4D44-8AD4-C1B0DC865F77}.Debug|Any CPU.ActiveCfg = Debug|Any CPU
		{AECD8108-6C5B-4D44-8AD4-C1B0DC865F77}.Debug|Any CPU.Build.0 = Debug|Any CPU
		{AECD8108-6C5B-4D44-8AD4-C1B0DC865F77}.Release|Any CPU.ActiveCfg = Release|Any CPU
		{AECD8108-6C5B-4D44-8AD4-C1B0DC865F77}.Release|Any CPU.Build.0 = Release|Any CPU
	EndGlobalSection
	GlobalSection(SolutionProperties) = preSolution
		HideSolutionNode = FALSE
	EndGlobalSection
	GlobalSection(ExtensibilityGlobals) = postSolution
		SolutionGuid = {30691231-651F-4D4B-93CE-B149E60EFB78}
	EndGlobalSection
EndGlobal
