
Microsoft Visual Studio Solution File, Format Version 12.00
# Visual Studio Version 17
VisualStudioVersion = 17.7.34031.279
MinimumVisualStudioVersion = 10.0.40219.1
Project("{9A19103F-16F7-4668-BE54-9A1E7A4F7556}") = "Flowly.WorkflowSource.Json", "src\Flowly.WorkflowSource.Json.csproj", "{F2669360-EA61-4CAA-BC2E-386EC2F97CA8}"
EndProject
Project("{9A19103F-16F7-4668-BE54-9A1E7A4F7556}") = "Flowly.Core", "..\Flowly.Core\src\Flowly.Core.csproj", "{6CFCCE62-275A-42A7-8D09-4CA8E6775CAC}"
EndProject
Global
	GlobalSection(SolutionConfigurationPlatforms) = preSolution
		Debug|Any CPU = Debug|Any CPU
		Release|Any CPU = Release|Any CPU
	EndGlobalSection
	GlobalSection(ProjectConfigurationPlatforms) = postSolution
		{F2669360-EA61-4CAA-BC2E-386EC2F97CA8}.Debug|Any CPU.ActiveCfg = Debug|Any CPU
		{F2669360-EA61-4CAA-BC2E-386EC2F97CA8}.Debug|Any CPU.Build.0 = Debug|Any CPU
		{F2669360-EA61-4CAA-BC2E-386EC2F97CA8}.Release|Any CPU.ActiveCfg = Release|Any CPU
		{F2669360-EA61-4CAA-BC2E-386EC2F97CA8}.Release|Any CPU.Build.0 = Release|Any CPU
		{6CFCCE62-275A-42A7-8D09-4CA8E6775CAC}.Debug|Any CPU.ActiveCfg = Debug|Any CPU
		{6CFCCE62-275A-42A7-8D09-4CA8E6775CAC}.Debug|Any CPU.Build.0 = Debug|Any CPU
		{6CFCCE62-275A-42A7-8D09-4CA8E6775CAC}.Release|Any CPU.ActiveCfg = Release|Any CPU
		{6CFCCE62-275A-42A7-8D09-4CA8E6775CAC}.Release|Any CPU.Build.0 = Release|Any CPU
	EndGlobalSection
	GlobalSection(SolutionProperties) = preSolution
		HideSolutionNode = FALSE
	EndGlobalSection
	GlobalSection(ExtensibilityGlobals) = postSolution
		SolutionGuid = {944074D8-3252-4D1D-9C9A-EFCE9D2DF33C}
	EndGlobalSection
EndGlobal
